
Microsoft Visual Studio Solution File, Format Version 12.00
# Visual Studio Version 16
VisualStudioVersion = 16.0.29728.190
MinimumVisualStudioVersion = 10.0.40219.1
Project("{FAE04EC0-301F-11D3-BF4B-00C04F79EFBC}") = "TicTacToe_SathurshanA", "TicTacToe_SathurshanA\TicTacToe_SathurshanA.csproj", "{DA7D7D53-CF2B-4911-A9AB-D1B7C332AD02}"
EndProject
Global
	GlobalSection(SolutionConfigurationPlatforms) = preSolution
		Debug|Any CPU = Debug|Any CPU
		Release|Any CPU = Release|Any CPU
	EndGlobalSection
	GlobalSection(ProjectConfigurationPlatforms) = postSolution
		{DA7D7D53-CF2B-4911-A9AB-D1B7C332AD02}.Debug|Any CPU.ActiveCfg = Debug|Any CPU
		{DA7D7D53-CF2B-4911-A9AB-D1B7C332AD02}.Debug|Any CPU.Build.0 = Debug|Any CPU
		{DA7D7D53-CF2B-4911-A9AB-D1B7C332AD02}.Release|Any CPU.ActiveCfg = Release|Any CPU
		{DA7D7D53-CF2B-4911-A9AB-D1B7C332AD02}.Release|Any CPU.Build.0 = Release|Any CPU
	EndGlobalSection
	GlobalSection(SolutionProperties) = preSolution
		HideSolutionNode = FALSE
	EndGlobalSection
	GlobalSection(ExtensibilityGlobals) = postSolution
		SolutionGuid = {0D4C50E6-33BD-4AA6-ABB1-4DF241B26CF3}
	EndGlobalSection
EndGlobal
